
Microsoft Visual Studio Solution File, Format Version 12.00
# Visual Studio Version 17
VisualStudioVersion = 17.1.32210.238
MinimumVisualStudioVersion = 10.0.40219.1
Project("{FAE04EC0-301F-11D3-BF4B-00C04F79EFBC}") = "ADO form", "ADO form\ADO form.csproj", "{46DC88B8-EA59-4083-BB7C-B3EAB80A37FB}"
EndProject
Global
	GlobalSection(SolutionConfigurationPlatforms) = preSolution
		Debug|Any CPU = Debug|Any CPU
		Release|Any CPU = Release|Any CPU
	EndGlobalSection
	GlobalSection(ProjectConfigurationPlatforms) = postSolution
		{46DC88B8-EA59-4083-BB7C-B3EAB80A37FB}.Debug|Any CPU.ActiveCfg = Debug|Any CPU
		{46DC88B8-EA59-4083-BB7C-B3EAB80A37FB}.Debug|Any CPU.Build.0 = Debug|Any CPU
		{46DC88B8-EA59-4083-BB7C-B3EAB80A37FB}.Release|Any CPU.ActiveCfg = Release|Any CPU
		{46DC88B8-EA59-4083-BB7C-B3EAB80A37FB}.Release|Any CPU.Build.0 = Release|Any CPU
	EndGlobalSection
	GlobalSection(SolutionProperties) = preSolution
		HideSolutionNode = FALSE
	EndGlobalSection
	GlobalSection(ExtensibilityGlobals) = postSolution
		SolutionGuid = {8E3D4DA5-B268-45DD-B6D3-4A994B7C3F77}
	EndGlobalSection
EndGlobal
